
Microsoft Visual Studio Solution File, Format Version 12.00
# Visual Studio Version 17
VisualStudioVersion = 17.2.32616.157
MinimumVisualStudioVersion = 10.0.40219.1
Project("{9A19103F-16F7-4668-BE54-9A1E7A4F7556}") = "Parks.API", "Parks.API\Parks.API.csproj", "{B8D00E3C-0CF7-4011-A9BC-014442E2D593}"
EndProject
Global
	GlobalSection(SolutionConfigurationPlatforms) = preSolution
		Debug|Any CPU = Debug|Any CPU
		Release|Any CPU = Release|Any CPU
	EndGlobalSection
	GlobalSection(ProjectConfigurationPlatforms) = postSolution
		{B8D00E3C-0CF7-4011-A9BC-014442E2D593}.Debug|Any CPU.ActiveCfg = Debug|Any CPU
		{B8D00E3C-0CF7-4011-A9BC-014442E2D593}.Debug|Any CPU.Build.0 = Debug|Any CPU
		{B8D00E3C-0CF7-4011-A9BC-014442E2D593}.Release|Any CPU.ActiveCfg = Release|Any CPU
		{B8D00E3C-0CF7-4011-A9BC-014442E2D593}.Release|Any CPU.Build.0 = Release|Any CPU
	EndGlobalSection
	GlobalSection(SolutionProperties) = preSolution
		HideSolutionNode = FALSE
	EndGlobalSection
	GlobalSection(ExtensibilityGlobals) = postSolution
		SolutionGuid = {25A409DF-66F3-41DA-8E30-2A413271AE45}
	EndGlobalSection
EndGlobal
